
Microsoft Visual Studio Solution File, Format Version 12.00
# Visual Studio Version 17
VisualStudioVersion = 17.11.35303.130
MinimumVisualStudioVersion = 10.0.40219.1
Project("{8BC9CEB8-8B4A-11D0-8D11-00A0C91BC942}") = "WildFireSimulation", "WildFireSimulation\WildFireSimulation.vcxproj", "{49BAB4E1-FAC0-4880-AF1D-0C7C5754E5EC}"
EndProject
Global
	GlobalSection(SolutionConfigurationPlatforms) = preSolution
		Debug|Win32 = Debug|Win32
		Debug|x64 = Debug|x64
		Debug|x86 = Debug|x86
		Release|Win32 = Release|Win32
		Release|x64 = Release|x64
		Release|x86 = Release|x86
	EndGlobalSection
	GlobalSection(ProjectConfigurationPlatforms) = postSolution
		{49BAB4E1-FAC0-4880-AF1D-0C7C5754E5EC}.Debug|Win32.ActiveCfg = Debug|x64
		{49BAB4E1-FAC0-4880-AF1D-0C7C5754E5EC}.Debug|x64.ActiveCfg = Debug|x64
		{49BAB4E1-FAC0-4880-AF1D-0C7C5754E5EC}.Debug|x64.Build.0 = Debug|x64
		{49BAB4E1-FAC0-4880-AF1D-0C7C5754E5EC}.Debug|x86.ActiveCfg = Debug|x64
		{49BAB4E1-FAC0-4880-AF1D-0C7C5754E5EC}.Release|Win32.ActiveCfg = Release|x64
		{49BAB4E1-FAC0-4880-AF1D-0C7C5754E5EC}.Release|x64.ActiveCfg = Release|x64
		{49BAB4E1-FAC0-4880-AF1D-0C7C5754E5EC}.Release|x64.Build.0 = Release|x64
		{49BAB4E1-FAC0-4880-AF1D-0C7C5754E5EC}.Release|x86.ActiveCfg = Release|x64
	EndGlobalSection
	GlobalSection(SolutionProperties) = preSolution
		HideSolutionNode = FALSE
	EndGlobalSection
	GlobalSection(ExtensibilityGlobals) = postSolution
		SolutionGuid = {C6B118E4-EB23-4C16-98A4-3903A5B45872}
	EndGlobalSection
EndGlobal
